// !$*UTF8*$!
{
	archiveVersion = 1;
	classes = {
	};
	objectVersion = 50;
	objects = {

/* Begin PBXBuildFile section */
		7220F7342479DA9F005900C2 /* WeatherForecast+URL.swift in Sources */ = {isa = PBXBuildFile; fileRef = 7220F7332479DA9F005900C2 /* WeatherForecast+URL.swift */; };
		7235F85F247C51B6008F1B42 /* UIWeatherForecast.swift in Sources */ = {isa = PBXBuildFile; fileRef = 7235F85E247C51B6008F1B42 /* UIWeatherForecast.swift */; };
		72B99484247588BD00A75010 /* AppDelegate.swift in Sources */ = {isa = PBXBuildFile; fileRef = 72B99483247588BD00A75010 /* AppDelegate.swift */; };
		72B99488247588BD00A75010 /* WeatherViewController.swift in Sources */ = {isa = PBXBuildFile; fileRef = 72B99487247588BD00A75010 /* WeatherViewController.swift */; };
		72B9948B247588BD00A75010 /* Main.storyboard in Resources */ = {isa = PBXBuildFile; fileRef = 72B99489247588BD00A75010 /* Main.storyboard */; };
		72B9948D247588BE00A75010 /* Assets.xcassets in Resources */ = {isa = PBXBuildFile; fileRef = 72B9948C247588BE00A75010 /* Assets.xcassets */; };
		72B99490247588BE00A75010 /* LaunchScreen.storyboard in Resources */ = {isa = PBXBuildFile; fileRef = 72B9948E247588BE00A75010 /* LaunchScreen.storyboard */; };
		72B9949B247588BE00A75010 /* WeatherTests.swift in Sources */ = {isa = PBXBuildFile; fileRef = 72B9949A247588BE00A75010 /* WeatherTests.swift */; };
		72B994A62475999600A75010 /* AppFlowCoordinator.swift in Sources */ = {isa = PBXBuildFile; fileRef = 72B994A52475999600A75010 /* AppFlowCoordinator.swift */; };
		72B994A824759B0400A75010 /* WeatherViewModel.swift in Sources */ = {isa = PBXBuildFile; fileRef = 72B994A724759B0400A75010 /* WeatherViewModel.swift */; };
		72B994AA24759B3800A75010 /* APIService.swift in Sources */ = {isa = PBXBuildFile; fileRef = 72B994A924759B3800A75010 /* APIService.swift */; };
		72B994AC24759B6300A75010 /* GPSService.swift in Sources */ = {isa = PBXBuildFile; fileRef = 72B994AB24759B6300A75010 /* GPSService.swift */; };
		72B994AE2475A8FC00A75010 /* Extensions.swift in Sources */ = {isa = PBXBuildFile; fileRef = 72B994AD2475A8FC00A75010 /* Extensions.swift */; };
		72B994B02475BDAF00A75010 /* Dependencies.swift in Sources */ = {isa = PBXBuildFile; fileRef = 72B994AF2475BDAF00A75010 /* Dependencies.swift */; };
/* End PBXBuildFile section */

/* Begin PBXContainerItemProxy section */
		72B99497247588BE00A75010 /* PBXContainerItemProxy */ = {
			isa = PBXContainerItemProxy;
			containerPortal = 72B99478247588BD00A75010 /* Project object */;
			proxyType = 1;
			remoteGlobalIDString = 72B9947F247588BD00A75010;
			remoteInfo = Weather;
		};
/* End PBXContainerItemProxy section */

/* Begin PBXFileReference section */
		7220F7332479DA9F005900C2 /* WeatherForecast+URL.swift */ = {isa = PBXFileReference; lastKnownFileType = sourcecode.swift; path = "WeatherForecast+URL.swift"; sourceTree = "<group>"; };
		7235F85E247C51B6008F1B42 /* UIWeatherForecast.swift */ = {isa = PBXFileReference; lastKnownFileType = sourcecode.swift; path = UIWeatherForecast.swift; sourceTree = "<group>"; };
		72B99480247588BD00A75010 /* Weather.app */ = {isa = PBXFileReference; explicitFileType = wrapper.application; includeInIndex = 0; path = Weather.app; sourceTree = BUILT_PRODUCTS_DIR; };
		72B99483247588BD00A75010 /* AppDelegate.swift */ = {isa = PBXFileReference; lastKnownFileType = sourcecode.swift; path = AppDelegate.swift; sourceTree = "<group>"; };
		72B99487247588BD00A75010 /* WeatherViewController.swift */ = {isa = PBXFileReference; lastKnownFileType = sourcecode.swift; path = WeatherViewController.swift; sourceTree = "<group>"; };
		72B9948A247588BD00A75010 /* Base */ = {isa = PBXFileReference; lastKnownFileType = file.storyboard; name = Base; path = Base.lproj/Main.storyboard; sourceTree = "<group>"; };
		72B9948C247588BE00A75010 /* Assets.xcassets */ = {isa = PBXFileReference; lastKnownFileType = folder.assetcatalog; path = Assets.xcassets; sourceTree = "<group>"; };
		72B9948F247588BE00A75010 /* Base */ = {isa = PBXFileReference; lastKnownFileType = file.storyboard; name = Base; path = Base.lproj/LaunchScreen.storyboard; sourceTree = "<group>"; };
		72B99491247588BE00A75010 /* Info.plist */ = {isa = PBXFileReference; lastKnownFileType = text.plist.xml; path = Info.plist; sourceTree = "<group>"; };
		72B99496247588BE00A75010 /* WeatherTests.xctest */ = {isa = PBXFileReference; explicitFileType = wrapper.cfbundle; includeInIndex = 0; path = WeatherTests.xctest; sourceTree = BUILT_PRODUCTS_DIR; };
		72B9949A247588BE00A75010 /* WeatherTests.swift */ = {isa = PBXFileReference; lastKnownFileType = sourcecode.swift; path = WeatherTests.swift; sourceTree = "<group>"; };
		72B9949C247588BE00A75010 /* Info.plist */ = {isa = PBXFileReference; lastKnownFileType = text.plist.xml; path = Info.plist; sourceTree = "<group>"; };
		72B994A52475999600A75010 /* AppFlowCoordinator.swift */ = {isa = PBXFileReference; lastKnownFileType = sourcecode.swift; path = AppFlowCoordinator.swift; sourceTree = "<group>"; };
		72B994A724759B0400A75010 /* WeatherViewModel.swift */ = {isa = PBXFileReference; lastKnownFileType = sourcecode.swift; path = WeatherViewModel.swift; sourceTree = "<group>"; };
		72B994A924759B3800A75010 /* APIService.swift */ = {isa = PBXFileReference; lastKnownFileType = sourcecode.swift; path = APIService.swift; sourceTree = "<group>"; };
		72B994AB24759B6300A75010 /* GPSService.swift */ = {isa = PBXFileReference; lastKnownFileType = sourcecode.swift; path = GPSService.swift; sourceTree = "<group>"; };
		72B994AD2475A8FC00A75010 /* Extensions.swift */ = {isa = PBXFileReference; lastKnownFileType = sourcecode.swift; path = Extensions.swift; sourceTree = "<group>"; };
		72B994AF2475BDAF00A75010 /* Dependencies.swift */ = {isa = PBXFileReference; lastKnownFileType = sourcecode.swift; path = Dependencies.swift; sourceTree = "<group>"; };
/* End PBXFileReference section */

/* Begin PBXFrameworksBuildPhase section */
		72B9947D247588BD00A75010 /* Frameworks */ = {
			isa = PBXFrameworksBuildPhase;
			buildActionMask = 2147483647;
			files = (
			);
			runOnlyForDeploymentPostprocessing = 0;
		};
		72B99493247588BE00A75010 /* Frameworks */ = {
			isa = PBXFrameworksBuildPhase;
			buildActionMask = 2147483647;
			files = (
			);
			runOnlyForDeploymentPostprocessing = 0;
		};
/* End PBXFrameworksBuildPhase section */

/* Begin PBXGroup section */
		72B99477247588BD00A75010 = {
			isa = PBXGroup;
			children = (
				72B99482247588BD00A75010 /* Weather */,
				72B99499247588BE00A75010 /* WeatherTests */,
				72B99481247588BD00A75010 /* Products */,
			);
			sourceTree = "<group>";
		};
		72B99481247588BD00A75010 /* Products */ = {
			isa = PBXGroup;
			children = (
				72B99480247588BD00A75010 /* Weather.app */,
				72B99496247588BE00A75010 /* WeatherTests.xctest */,
			);
			name = Products;
			sourceTree = "<group>";
		};
		72B99482247588BD00A75010 /* Weather */ = {
			isa = PBXGroup;
			children = (
				72B99483247588BD00A75010 /* AppDelegate.swift */,
				72B994A52475999600A75010 /* AppFlowCoordinator.swift */,
				72B99487247588BD00A75010 /* WeatherViewController.swift */,
				72B994A724759B0400A75010 /* WeatherViewModel.swift */,
				7220F7332479DA9F005900C2 /* WeatherForecast+URL.swift */,
				7235F85E247C51B6008F1B42 /* UIWeatherForecast.swift */,
				72B994A924759B3800A75010 /* APIService.swift */,
				72B994AB24759B6300A75010 /* GPSService.swift */,
				72B994AF2475BDAF00A75010 /* Dependencies.swift */,
				72B994AD2475A8FC00A75010 /* Extensions.swift */,
				72B99489247588BD00A75010 /* Main.storyboard */,
				72B9948C247588BE00A75010 /* Assets.xcassets */,
				72B9948E247588BE00A75010 /* LaunchScreen.storyboard */,
				72B99491247588BE00A75010 /* Info.plist */,
			);
			path = Weather;
			sourceTree = "<group>";
		};
		72B99499247588BE00A75010 /* WeatherTests */ = {
			isa = PBXGroup;
			children = (
				72B9949A247588BE00A75010 /* WeatherTests.swift */,
				72B9949C247588BE00A75010 /* Info.plist */,
			);
			path = WeatherTests;
			sourceTree = "<group>";
		};
/* End PBXGroup section */

/* Begin PBXNativeTarget section */
		72B9947F247588BD00A75010 /* Weather */ = {
			isa = PBXNativeTarget;
			buildConfigurationList = 72B9949F247588BE00A75010 /* Build configuration list for PBXNativeTarget "Weather" */;
			buildPhases = (
				72B9947C247588BD00A75010 /* Sources */,
				72B9947D247588BD00A75010 /* Frameworks */,
				72B9947E247588BD00A75010 /* Resources */,
			);
			buildRules = (
			);
			dependencies = (
			);
			name = Weather;
			productName = Weather;
			productReference = 72B99480247588BD00A75010 /* Weather.app */;
			productType = "com.apple.product-type.application";
		};
		72B99495247588BE00A75010 /* WeatherTests */ = {
			isa = PBXNativeTarget;
			buildConfigurationList = 72B994A2247588BE00A75010 /* Build configuration list for PBXNativeTarget "WeatherTests" */;
			buildPhases = (
				72B99492247588BE00A75010 /* Sources */,
				72B99493247588BE00A75010 /* Frameworks */,
				72B99494247588BE00A75010 /* Resources */,
			);
			buildRules = (
			);
			dependencies = (
				72B99498247588BE00A75010 /* PBXTargetDependency */,
			);
			name = WeatherTests;
			productName = WeatherTests;
			productReference = 72B99496247588BE00A75010 /* WeatherTests.xctest */;
			productType = "com.apple.product-type.bundle.unit-test";
		};
/* End PBXNativeTarget section */

/* Begin PBXProject section */
		72B99478247588BD00A75010 /* Project object */ = {
			isa = PBXProject;
			attributes = {
				LastSwiftUpdateCheck = 1140;
				LastUpgradeCheck = 1140;
				ORGANIZATIONNAME = esesmuedgars;
				TargetAttributes = {
					72B9947F247588BD00A75010 = {
						CreatedOnToolsVersion = 11.4.1;
					};
					72B99495247588BE00A75010 = {
						CreatedOnToolsVersion = 11.4.1;
						TestTargetID = 72B9947F247588BD00A75010;
					};
				};
			};
			buildConfigurationList = 72B9947B247588BD00A75010 /* Build configuration list for PBXProject "Weather" */;
			compatibilityVersion = "Xcode 9.3";
			developmentRegion = en;
			hasScannedForEncodings = 0;
			knownRegions = (
				en,
				Base,
			);
			mainGroup = 72B99477247588BD00A75010;
			productRefGroup = 72B99481247588BD00A75010 /* Products */;
			projectDirPath = "";
			projectRoot = "";
			targets = (
				72B9947F247588BD00A75010 /* Weather */,
				72B99495247588BE00A75010 /* WeatherTests */,
			);
		};
/* End PBXProject section */

/* Begin PBXResourcesBuildPhase section */
		72B9947E247588BD00A75010 /* Resources */ = {
			isa = PBXResourcesBuildPhase;
			buildActionMask = 2147483647;
			files = (
				72B99490247588BE00A75010 /* LaunchScreen.storyboard in Resources */,
				72B9948D247588BE00A75010 /* Assets.xcassets in Resources */,
				72B9948B247588BD00A75010 /* Main.storyboard in Resources */,
			);
			runOnlyForDeploymentPostprocessing = 0;
		};
		72B99494247588BE00A75010 /* Resources */ = {
			isa = PBXResourcesBuildPhase;
			buildActionMask = 2147483647;
			files = (
			);
			runOnlyForDeploymentPostprocessing = 0;
		};
/* End PBXResourcesBuildPhase section */

/* Begin PBXSourcesBuildPhase section */
		72B9947C247588BD00A75010 /* Sources */ = {
			isa = PBXSourcesBuildPhase;
			buildActionMask = 2147483647;
			files = (
				7220F7342479DA9F005900C2 /* WeatherForecast+URL.swift in Sources */,
				72B99488247588BD00A75010 /* WeatherViewController.swift in Sources */,
				72B994AA24759B3800A75010 /* APIService.swift in Sources */,
				7235F85F247C51B6008F1B42 /* UIWeatherForecast.swift in Sources */,
				72B994AC24759B6300A75010 /* GPSService.swift in Sources */,
				72B994A824759B0400A75010 /* WeatherViewModel.swift in Sources */,
				72B994B02475BDAF00A75010 /* Dependencies.swift in Sources */,
				72B994A62475999600A75010 /* AppFlowCoordinator.swift in Sources */,
				72B99484247588BD00A75010 /* AppDelegate.swift in Sources */,
				72B994AE2475A8FC00A75010 /* Extensions.swift in Sources */,
			);
			runOnlyForDeploymentPostprocessing = 0;
		};
		72B99492247588BE00A75010 /* Sources */ = {
			isa = PBXSourcesBuildPhase;
			buildActionMask = 2147483647;
			files = (
				72B9949B247588BE00A75010 /* WeatherTests.swift in Sources */,
			);
			runOnlyForDeploymentPostprocessing = 0;
		};
/* End PBXSourcesBuildPhase section */

/* Begin PBXTargetDependency section */
		72B99498247588BE00A75010 /* PBXTargetDependency */ = {
			isa = PBXTargetDependency;
			target = 72B9947F247588BD00A75010 /* Weather */;
			targetProxy = 72B99497247588BE00A75010 /* PBXContainerItemProxy */;
		};
/* End PBXTargetDependency section */

/* Begin PBXVariantGroup section */
		72B99489247588BD00A75010 /* Main.storyboard */ = {
			isa = PBXVariantGroup;
			children = (
				72B9948A247588BD00A75010 /* Base */,
			);
			name = Main.storyboard;
			sourceTree = "<group>";
		};
		72B9948E247588BE00A75010 /* LaunchScreen.storyboard */ = {
			isa = PBXVariantGroup;
			children = (
				72B9948F247588BE00A75010 /* Base */,
			);
			name = LaunchScreen.storyboard;
			sourceTree = "<group>";
		};
/* End PBXVariantGroup section */

/* Begin XCBuildConfiguration section */
		72B9949D247588BE00A75010 /* Debug */ = {
			isa = XCBuildConfiguration;
			buildSettings = {
				ALWAYS_SEARCH_USER_PATHS = NO;
				CLANG_ANALYZER_NONNULL = YES;
				CLANG_ANALYZER_NUMBER_OBJECT_CONVERSION = YES_AGGRESSIVE;
				CLANG_CXX_LANGUAGE_STANDARD = "gnu++14";
				CLANG_CXX_LIBRARY = "libc++";
				CLANG_ENABLE_MODULES = YES;
				CLANG_ENABLE_OBJC_ARC = YES;
				CLANG_ENABLE_OBJC_WEAK = YES;
				CLANG_WARN_BLOCK_CAPTURE_AUTORELEASING = YES;
				CLANG_WARN_BOOL_CONVERSION = YES;
				CLANG_WARN_COMMA = YES;
				CLANG_WARN_CONSTANT_CONVERSION = YES;
				CLANG_WARN_DEPRECATED_OBJC_IMPLEMENTATIONS = YES;
				CLANG_WARN_DIRECT_OBJC_ISA_USAGE = YES_ERROR;
				CLANG_WARN_DOCUMENTATION_COMMENTS = YES;
				CLANG_WARN_EMPTY_BODY = YES;
				CLANG_WARN_ENUM_CONVERSION = YES;
				CLANG_WARN_INFINITE_RECURSION = YES;
				CLANG_WARN_INT_CONVERSION = YES;
				CLANG_WARN_NON_LITERAL_NULL_CONVERSION = YES;
				CLANG_WARN_OBJC_IMPLICIT_RETAIN_SELF = YES;
				CLANG_WARN_OBJC_LITERAL_CONVERSION = YES;
				CLANG_WARN_OBJC_ROOT_CLASS = YES_ERROR;
				CLANG_WARN_RANGE_LOOP_ANALYSIS = YES;
				CLANG_WARN_STRICT_PROTOTYPES = YES;
				CLANG_WARN_SUSPICIOUS_MOVE = YES;
				CLANG_WARN_UNGUARDED_AVAILABILITY = YES_AGGRESSIVE;
				CLANG_WARN_UNREACHABLE_CODE = YES;
				CLANG_WARN__DUPLICATE_METHOD_MATCH = YES;
				COPY_PHASE_STRIP = NO;
				DEBUG_INFORMATION_FORMAT = dwarf;
				ENABLE_STRICT_OBJC_MSGSEND = YES;
				ENABLE_TESTABILITY = YES;
				GCC_C_LANGUAGE_STANDARD = gnu11;
				GCC_DYNAMIC_NO_PIC = NO;
				GCC_NO_COMMON_BLOCKS = YES;
				GCC_OPTIMIZATION_LEVEL = 0;
				GCC_PREPROCESSOR_DEFINITIONS = (
					"DEBUG=1",
					"$(inherited)",
				);
				GCC_WARN_64_TO_32_BIT_CONVERSION = YES;
				GCC_WARN_ABOUT_RETURN_TYPE = YES_ERROR;
				GCC_WARN_UNDECLARED_SELECTOR = YES;
				GCC_WARN_UNINITIALIZED_AUTOS = YES_AGGRESSIVE;
				GCC_WARN_UNUSED_FUNCTION = YES;
				GCC_WARN_UNUSED_VARIABLE = YES;
				IPHONEOS_DEPLOYMENT_TARGET = 13.4;
				MTL_ENABLE_DEBUG_INFO = INCLUDE_SOURCE;
				MTL_FAST_MATH = YES;
				ONLY_ACTIVE_ARCH = YES;
				SDKROOT = iphoneos;
				SWIFT_ACTIVE_COMPILATION_CONDITIONS = DEBUG;
				SWIFT_OPTIMIZATION_LEVEL = "-Onone";
			};
			name = Debug;
		};
		72B9949E247588BE00A75010 /* Release */ = {
			isa = XCBuildConfiguration;
			buildSettings = {
				ALWAYS_SEARCH_USER_PATHS = NO;
				CLANG_ANALYZER_NONNULL = YES;
				CLANG_ANALYZER_NUMBER_OBJECT_CONVERSION = YES_AGGRESSIVE;
				CLANG_CXX_LANGUAGE_STANDARD = "gnu++14";
				CLANG_CXX_LIBRARY = "libc++";
				CLANG_ENABLE_MODULES = YES;
				CLANG_ENABLE_OBJC_ARC = YES;
				CLANG_ENABLE_OBJC_WEAK = YES;
				CLANG_WARN_BLOCK_CAPTURE_AUTORELEASING = YES;
				CLANG_WARN_BOOL_CONVERSION = YES;
				CLANG_WARN_COMMA = YES;
				CLANG_WARN_CONSTANT_CONVERSION = YES;
				CLANG_WARN_DEPRECATED_OBJC_IMPLEMENTATIONS = YES;
				CLANG_WARN_DIRECT_OBJC_ISA_USAGE = YES_ERROR;
				CLANG_WARN_DOCUMENTATION_COMMENTS = YES;
				CLANG_WARN_EMPTY_BODY = YES;
				CLANG_WARN_ENUM_CONVERSION = YES;
				CLANG_WARN_INFINITE_RECURSION = YES;
				CLANG_WARN_INT_CONVERSION = YES;
				CLANG_WARN_NON_LITERAL_NULL_CONVERSION = YES;
				CLANG_WARN_OBJC_IMPLICIT_RETAIN_SELF = YES;
				CLANG_WARN_OBJC_LITERAL_CONVERSION = YES;
				CLANG_WARN_OBJC_ROOT_CLASS = YES_ERROR;
				CLANG_WARN_RANGE_LOOP_ANALYSIS = YES;
				CLANG_WARN_STRICT_PROTOTYPES = YES;
				CLANG_WARN_SUSPICIOUS_MOVE = YES;
				CLANG_WARN_UNGUARDED_AVAILABILITY = YES_AGGRESSIVE;
				CLANG_WARN_UNREACHABLE_CODE = YES;
				CLANG_WARN__DUPLICATE_METHOD_MATCH = YES;
				COPY_PHASE_STRIP = NO;
				DEBUG_INFORMATION_FORMAT = "dwarf-with-dsym";
				ENABLE_NS_ASSERTIONS = NO;
				ENABLE_STRICT_OBJC_MSGSEND = YES;
				GCC_C_LANGUAGE_STANDARD = gnu11;
				GCC_NO_COMMON_BLOCKS = YES;
				GCC_WARN_64_TO_32_BIT_CONVERSION = YES;
				GCC_WARN_ABOUT_RETURN_TYPE = YES_ERROR;
				GCC_WARN_UNDECLARED_SELECTOR = YES;
				GCC_WARN_UNINITIALIZED_AUTOS = YES_AGGRESSIVE;
				GCC_WARN_UNUSED_FUNCTION = YES;
				GCC_WARN_UNUSED_VARIABLE = YES;
				IPHONEOS_DEPLOYMENT_TARGET = 13.4;
				MTL_ENABLE_DEBUG_INFO = NO;
				MTL_FAST_MATH = YES;
				SDKROOT = iphoneos;
				SWIFT_COMPILATION_MODE = wholemodule;
				SWIFT_OPTIMIZATION_LEVEL = "-O";
				VALIDATE_PRODUCT = YES;
			};
			name = Release;
		};
		72B994A0247588BE00A75010 /* Debug */ = {
			isa = XCBuildConfiguration;
			buildSettings = {
				ASSETCATALOG_COMPILER_APPICON_NAME = AppIcon;
				CODE_SIGN_STYLE = Automatic;
				DEVELOPMENT_TEAM = RB8S8SFW6F;
				INFOPLIST_FILE = Weather/Info.plist;
				LD_RUNPATH_SEARCH_PATHS = (
					"$(inherited)",
					"@executable_path/Frameworks",
				);
				PRODUCT_BUNDLE_IDENTIFIER = lv.esesmuedgars.Weather;
				PRODUCT_NAME = "$(TARGET_NAME)";
				SWIFT_VERSION = 5.0;
				TARGETED_DEVICE_FAMILY = 1;
			};
			name = Debug;
		};
		72B994A1247588BE00A75010 /* Release */ = {
			isa = XCBuildConfiguration;
			buildSettings = {
				ASSETCATALOG_COMPILER_APPICON_NAME = AppIcon;
				CODE_SIGN_STYLE = Automatic;
				DEVELOPMENT_TEAM = RB8S8SFW6F;
				INFOPLIST_FILE = Weather/Info.plist;
				LD_RUNPATH_SEARCH_PATHS = (
					"$(inherited)",
					"@executable_path/Frameworks",
				);
				PRODUCT_BUNDLE_IDENTIFIER = lv.esesmuedgars.Weather;
				PRODUCT_NAME = "$(TARGET_NAME)";
				SWIFT_VERSION = 5.0;
				TARGETED_DEVICE_FAMILY = 1;
			};
			name = Release;
		};
		72B994A3247588BE00A75010 /* Debug */ = {
			isa = XCBuildConfiguration;
			buildSettings = {
				ALWAYS_EMBED_SWIFT_STANDARD_LIBRARIES = YES;
				BUNDLE_LOADER = "$(TEST_HOST)";
				CODE_SIGN_STYLE = Automatic;
				DEVELOPMENT_TEAM = RB8S8SFW6F;
				INFOPLIST_FILE = WeatherTests/Info.plist;
				IPHONEOS_DEPLOYMENT_TARGET = 13.4;
				LD_RUNPATH_SEARCH_PATHS = (
					"$(inherited)",
					"@executable_path/Frameworks",
					"@loader_path/Frameworks",
				);
				PRODUCT_BUNDLE_IDENTIFIER = lv.esesmuedgars.WeatherTests;
				PRODUCT_NAME = "$(TARGET_NAME)";
				SWIFT_VERSION = 5.0;
				TARGETED_DEVICE_FAMILY = "1,2";
				TEST_HOST = "$(BUILT_PRODUCTS_DIR)/Weather.app/Weather";
			};
			name = Debug;
		};
		72B994A4247588BE00A75010 /* Release */ = {
			isa = XCBuildConfiguration;
			buildSettings = {
				ALWAYS_EMBED_SWIFT_STANDARD_LIBRARIES = YES;
				BUNDLE_LOADER = "$(TEST_HOST)";
				CODE_SIGN_STYLE = Automatic;
				DEVELOPMENT_TEAM = RB8S8SFW6F;
				INFOPLIST_FILE = WeatherTests/Info.plist;
				IPHONEOS_DEPLOYMENT_TARGET = 13.4;
				LD_RUNPATH_SEARCH_PATHS = (
					"$(inherited)",
					"@executable_path/Frameworks",
					"@loader_path/Frameworks",
				);
				PRODUCT_BUNDLE_IDENTIFIER = lv.esesmuedgars.WeatherTests;
				PRODUCT_NAME = "$(TARGET_NAME)";
				SWIFT_VERSION = 5.0;
				TARGETED_DEVICE_FAMILY = "1,2";
				TEST_HOST = "$(BUILT_PRODUCTS_DIR)/Weather.app/Weather";
			};
			name = Release;
		};
/* End XCBuildConfiguration section */

/* Begin XCConfigurationList section */
		72B9947B247588BD00A75010 /* Build configuration list for PBXProject "Weather" */ = {
			isa = XCConfigurationList;
			buildConfigurations = (
				72B9949D247588BE00A75010 /* Debug */,
				72B9949E247588BE00A75010 /* Release */,
			);
			defaultConfigurationIsVisible = 0;
			defaultConfigurationName = Release;
		};
		72B9949F247588BE00A75010 /* Build configuration list for PBXNativeTarget "Weather" */ = {
			isa = XCConfigurationList;
			buildConfigurations = (
				72B994A0247588BE00A75010 /* Debug */,
				72B994A1247588BE00A75010 /* Release */,
			);
			defaultConfigurationIsVisible = 0;
			defaultConfigurationName = Release;
		};
		72B994A2247588BE00A75010 /* Build configuration list for PBXNativeTarget "WeatherTests" */ = {
			isa = XCConfigurationList;
			buildConfigurations = (
				72B994A3247588BE00A75010 /* Debug */,
				72B994A4247588BE00A75010 /* Release */,
			);
			defaultConfigurationIsVisible = 0;
			defaultConfigurationName = Release;
		};
/* End XCConfigurationList section */
	};
	rootObject = 72B99478247588BD00A75010 /* Project object */;
}
